
Microsoft Visual Studio Solution File, Format Version 12.00
# Visual Studio Version 16
VisualStudioVersion = 16.0.36107.64
MinimumVisualStudioVersion = 10.0.40219.1
Project("{FAE04EC0-301F-11D3-BF4B-00C04F79EFBC}") = "TimerComparisonForm", "TimerComparisonForm.csproj", "{5E62A8D7-ECEB-4A30-8FF0-E41144D3383C}"
EndProject
Global
	GlobalSection(SolutionConfigurationPlatforms) = preSolution
		Debug|Any CPU = Debug|Any CPU
		Release|Any CPU = Release|Any CPU
	EndGlobalSection
	GlobalSection(ProjectConfigurationPlatforms) = postSolution
		{5E62A8D7-ECEB-4A30-8FF0-E41144D3383C}.Debug|Any CPU.ActiveCfg = Debug|Any CPU
		{5E62A8D7-ECEB-4A30-8FF0-E41144D3383C}.Debug|Any CPU.Build.0 = Debug|Any CPU
		{5E62A8D7-ECEB-4A30-8FF0-E41144D3383C}.Release|Any CPU.ActiveCfg = Release|Any CPU
		{5E62A8D7-ECEB-4A30-8FF0-E41144D3383C}.Release|Any CPU.Build.0 = Release|Any CPU
	EndGlobalSection
	GlobalSection(SolutionProperties) = preSolution
		HideSolutionNode = FALSE
	EndGlobalSection
	GlobalSection(ExtensibilityGlobals) = postSolution
		SolutionGuid = {16F557EE-D9F1-4412-B210-B97BD9813A0B}
	EndGlobalSection
EndGlobal
